github.com/EngoEngine/math v1.0.4 h1:ejDfSg48ynB9T6btiu9EHjZmpQgW/zHf3IeC7SqXXv8=
github.com/EngoEngine/math v1.0.4/go.mod h1:d8SnfwiaImse0lB3JuR91B2CShZmMxaTWaWZ/ZxDxAU=
github.com/davecgh/go-spew v1.1.0/go.mod h1:J7Y8YcW2NihsgmVo/mv3lAwl/skON4iLHjSsI+c5H38=
github.com/davecgh/go-spew v1.1.1 h1:vj9j/u1bqnvCEfJOwUhtlOARqs3+rkHYY13jYWTU97c=
github.com/davecgh/go-spew v1.1.1/go.mod h1:J7Y8YcW2NihsgmVo/mv3lAwl/skON4iLHjSsI+c5H38=
github.com/engoengine/glm v0.0.0-20170725114841-9c08f4d1f668 h1:rVKp3XvwVYVidU1oOcahpRdoG32EJ1+CLxiwZOADpNc=
github.com/engoengine/glm v0.0.0-20170725114841-9c08f4d1f668/go.mod h1:vZgjKvLPzQvHBEK5VZ2caeMU8LnI7eycnky96Xf94TU=
github.com/go-gl/gl v0.0.0-20210501111010-69f74958bac0 h1:7xNa69TzlTrKtlBtE4yyNRFP9oqAneXAs9oKJkVOECs=
github.com/go-gl/gl v0.0.0-20210501111010-69f74958bac0/go.mod h1:wjpnOv6ONl2SuJSxqCPVaPZibGFdSci9HFocT9qtVYM=
github.com/go-gl/glfw v0.0.0-20210727001814-0db043d8d5be h1:UVW91pfMB1GRQfVwC7//RGVbqX6Ea8jURmJhlANak1M=
github.com/go-gl/glfw v0.0.0-20210727001814-0db043d8d5be/go.mod h1:vR7hzQXu2zJy9AVAgeJqvqgH9Q5CA+iKCZ2gyEVpxRU=
github.com/inkyblackness/imgui-go/v4 v4.2.0 h1:5MuhU1tocnrHDZHyHTArzYr1X0+oA3ITleEwgx9juQ4=
github.com/inkyblackness/imgui-go/v4 v4.2.0/go.mod h1:g8SAGtOYUP7rYaOB2AsVKCEHmPMDmJKgt4z6d+flhb0=
github.com/jupp0r/go-priority-queue v0.0.0-20160601094913-ab1073853bde h1:+5PMaaQtDUwOcJIUlmX89P0J3iwTvErTmyn5WghzXAQ=
github.com/jupp0r/go-priority-queue v0.0.0-20160601094913-ab1073853bde/go.mod h1:RDgD/dfPmIwFH0qdUOjw71HjtWg56CtyLIoHL+R1wJw=
github.com/kr/pretty v0.1.0 h1:L/CwN0zerZDmRFUapSPitk6f+Q3+0za1rQkzVuMiMFI=
github.com/kr/pretty v0.1.0/go.mod h1:dAy3ld7l9f0ibDNOQOHHMYYIIbhfbHSm3C4ZsoJORNo=
github.com/kr/pty v1.1.1/go.mod h1:pFQYn66WHrOpPYNljwOMqo10TkYh1fy3cYio2l3bCsQ=
github.com/kr/text v0.1.0 h1:45sCR5RtlFHMR4UwH9sdQ5TC8v0qDQCHnXt+kaKSTVE=
github.com/kr/text v0.1.0/go.mod h1:4Jbv+DJW3UT/LiOwJeYQe1efqtUx/iVham/4vfdArNI=
github.com/kyroy/kdtree v0.0.0-20200419114247-70830f883f1d h1:1n5M/49q9H6QtNJiiVL/W5mqgT1UdlGQ7oLP+DkJ1vs=
github.com/kyroy/kdtree v0.0.0-20200419114247-70830f883f1d/go.mod h1:6oJGQK7VSg3RxSQ7QspgqpCmKjIbAslgT2wBXbFJUZw=
github.com/kyroy/priority-queue v0.0.0-20180327160706-6e21825e7e0c h1:1c7+XOOGQ19cXjZ1Ss/irljQxgPvb+8z+jNEprCXl20=
github.com/kyroy/priority-queue v0.0.0-20180327160706-6e21825e7e0c/go.mod h1:R477L6j2/dUcE0q0aftk0kR5Xt93W7g1066AodcJhEo=
github.com/pmezard/go-difflib v1.0.0 h1:4DBwDE0NGyQoBHbLQYPwSUPoCMWR5BEzIk/f1lZbAQM=
github.com/pmezard/go-difflib v1.0.0/go.mod h1:iKH77koFhYxTK1pcRnkKkqfTogsbg7gZNVY4sRDYZ/4=
github.com/stretchr/objx v0.1.0/go.mod h1:HFkY916IF+rwdDfMAkV7OtwuqBVzrE8GR6GFx+wExME=
github.com/stretchr/testify v1.3.0/go.mod h1:M5WIy9Dh21IEIfnGCwXGc5bZfKNJtfHm1UVUgZn+9EI=
github.com/stretchr/testify v1.4.0/go.mod h1:j7eGeouHqKxXV5pUuKE4zz7dFj8WfuZ+81PSLYec5m4=
github.com/stretchr/testify v1.6.1 h1:hDPOHmpOpP40lSULcqw7IrRb/u7w6RpDC9399XyoNd0=
github.com/stretchr/testify v1.6.1/go.mod h1:6Fq8oRcR53rry900zMqJjRRixrwX3KX962/h/Wwjteg=
gopkg.in/check.v1 v0.0.0-20161208181325-20d25e280405/go.mod h1:Co6ibVJAznAaIkqp8huTwlJQCZ016jof/cbN4VW5Yz0=
gopkg.in/check.v1 v1.0.0-20180628173108-788fd7840127 h1:qIbj1fsPNlZgppZ+VLlY7N33q108Sa+fhmuc+sWQYwY=
gopkg.in/check.v1 v1.0.0-20180628173108-788fd7840127/go.mod h1:Co6ibVJAznAaIkqp8huTwlJQCZ016jof/cbN4VW5Yz0=
gopkg.in/yaml.v2 v2.2.2/go.mod h1:hI93XBmqTisBFMUTm0b8Fm+jr3Dg1NNxqwp+5A1VGuI=
gopkg.in/yaml.v3 v3.0.0-20200313102051-9f266ea9e77c/go.mod h1:K4uyk7z7BCEPqu6E+C64Yfv1cQ7kz7rIZviUmN+EgEM=
gopkg.in/yaml.v3 v3.0.0-20210107192922-496545a6307b h1:h8qDotaEPuJATrMmW04NCwg7v22aHH28wwpauUhK9Oo=
gopkg.in/yaml.v3 v3.0.0-20210107192922-496545a6307b/go.mod h1:K4uyk7z7BCEPqu6E+C64Yfv1cQ7kz7rIZviUmN+EgEM=
